// !$*UTF8*$!
{
	archiveVersion = 1;
	classes = {
	};
	objectVersion = 48;
	objects = {

/* Begin PBXBuildFile section */
		13895B012075E1F200EA0856 /* AppDelegate.swift in Sources */ = {isa = PBXBuildFile; fileRef = 13895B002075E1F200EA0856 /* AppDelegate.swift */; };
		13895B032075E1F200EA0856 /* ViewController.swift in Sources */ = {isa = PBXBuildFile; fileRef = 13895B022075E1F200EA0856 /* ViewController.swift */; };
		13895B062075E1F200EA0856 /* Main.storyboard in Resources */ = {isa = PBXBuildFile; fileRef = 13895B042075E1F200EA0856 /* Main.storyboard */; };
		13895B082075E1F200EA0856 /* Assets.xcassets in Resources */ = {isa = PBXBuildFile; fileRef = 13895B072075E1F200EA0856 /* Assets.xcassets */; };
		13895B0B2075E1F200EA0856 /* LaunchScreen.storyboard in Resources */ = {isa = PBXBuildFile; fileRef = 13895B092075E1F200EA0856 /* LaunchScreen.storyboard */; };
		13895B162075E1F200EA0856 /* otakucoin_wallet_iosTests.swift in Sources */ = {isa = PBXBuildFile; fileRef = 13895B152075E1F200EA0856 /* otakucoin_wallet_iosTests.swift */; };
		13895B212075E1F200EA0856 /* otakucoin_wallet_iosUITests.swift in Sources */ = {isa = PBXBuildFile; fileRef = 13895B202075E1F200EA0856 /* otakucoin_wallet_iosUITests.swift */; };
		A9927E0492628475FCDEBB61 /* Pods_otakucoin_wallet_ios.framework in Frameworks */ = {isa = PBXBuildFile; fileRef = 8DD888C5243E75F8D4F1D9EA /* Pods_otakucoin_wallet_ios.framework */; };
/* End PBXBuildFile section */

/* Begin PBXContainerItemProxy section */
		13895B122075E1F200EA0856 /* PBXContainerItemProxy */ = {
			isa = PBXContainerItemProxy;
			containerPortal = 13895AF52075E1F200EA0856 /* Project object */;
			proxyType = 1;
			remoteGlobalIDString = 13895AFC2075E1F200EA0856;
			remoteInfo = "otakucoin-wallet-ios";
		};
		13895B1D2075E1F200EA0856 /* PBXContainerItemProxy */ = {
			isa = PBXContainerItemProxy;
			containerPortal = 13895AF52075E1F200EA0856 /* Project object */;
			proxyType = 1;
			remoteGlobalIDString = 13895AFC2075E1F200EA0856;
			remoteInfo = "otakucoin-wallet-ios";
		};
/* End PBXContainerItemProxy section */

/* Begin PBXFileReference section */
		13895AFD2075E1F200EA0856 /* otakucoin-wallet-ios.app */ = {isa = PBXFileReference; explicitFileType = wrapper.application; includeInIndex = 0; path = "otakucoin-wallet-ios.app"; sourceTree = BUILT_PRODUCTS_DIR; };
		13895B002075E1F200EA0856 /* AppDelegate.swift */ = {isa = PBXFileReference; lastKnownFileType = sourcecode.swift; path = AppDelegate.swift; sourceTree = "<group>"; };
		13895B022075E1F200EA0856 /* ViewController.swift */ = {isa = PBXFileReference; lastKnownFileType = sourcecode.swift; path = ViewController.swift; sourceTree = "<group>"; };
		13895B052075E1F200EA0856 /* Base */ = {isa = PBXFileReference; lastKnownFileType = file.storyboard; name = Base; path = Base.lproj/Main.storyboard; sourceTree = "<group>"; };
		13895B072075E1F200EA0856 /* Assets.xcassets */ = {isa = PBXFileReference; lastKnownFileType = folder.assetcatalog; path = Assets.xcassets; sourceTree = "<group>"; };
		13895B0A2075E1F200EA0856 /* Base */ = {isa = PBXFileReference; lastKnownFileType = file.storyboard; name = Base; path = Base.lproj/LaunchScreen.storyboard; sourceTree = "<group>"; };
		13895B0C2075E1F200EA0856 /* Info.plist */ = {isa = PBXFileReference; lastKnownFileType = text.plist.xml; path = Info.plist; sourceTree = "<group>"; };
		13895B112075E1F200EA0856 /* otakucoin-wallet-iosTests.xctest */ = {isa = PBXFileReference; explicitFileType = wrapper.cfbundle; includeInIndex = 0; path = "otakucoin-wallet-iosTests.xctest"; sourceTree = BUILT_PRODUCTS_DIR; };
		13895B152075E1F200EA0856 /* otakucoin_wallet_iosTests.swift */ = {isa = PBXFileReference; lastKnownFileType = sourcecode.swift; path = otakucoin_wallet_iosTests.swift; sourceTree = "<group>"; };
		13895B172075E1F200EA0856 /* Info.plist */ = {isa = PBXFileReference; lastKnownFileType = text.plist.xml; path = Info.plist; sourceTree = "<group>"; };
		13895B1C2075E1F200EA0856 /* otakucoin-wallet-iosUITests.xctest */ = {isa = PBXFileReference; explicitFileType = wrapper.cfbundle; includeInIndex = 0; path = "otakucoin-wallet-iosUITests.xctest"; sourceTree = BUILT_PRODUCTS_DIR; };
		13895B202075E1F200EA0856 /* otakucoin_wallet_iosUITests.swift */ = {isa = PBXFileReference; lastKnownFileType = sourcecode.swift; path = otakucoin_wallet_iosUITests.swift; sourceTree = "<group>"; };
		13895B222075E1F200EA0856 /* Info.plist */ = {isa = PBXFileReference; lastKnownFileType = text.plist.xml; path = Info.plist; sourceTree = "<group>"; };
		5D888A6A4A4C25CFB0A6AECD /* Pods-otakucoin-wallet-ios.release.xcconfig */ = {isa = PBXFileReference; includeInIndex = 1; lastKnownFileType = text.xcconfig; name = "Pods-otakucoin-wallet-ios.release.xcconfig"; path = "Pods/Target Support Files/Pods-otakucoin-wallet-ios/Pods-otakucoin-wallet-ios.release.xcconfig"; sourceTree = "<group>"; };
		8DD888C5243E75F8D4F1D9EA /* Pods_otakucoin_wallet_ios.framework */ = {isa = PBXFileReference; explicitFileType = wrapper.framework; includeInIndex = 0; path = Pods_otakucoin_wallet_ios.framework; sourceTree = BUILT_PRODUCTS_DIR; };
		AC310C08B0872BAB474ECE9F /* Pods-otakucoin-wallet-ios.debug.xcconfig */ = {isa = PBXFileReference; includeInIndex = 1; lastKnownFileType = text.xcconfig; name = "Pods-otakucoin-wallet-ios.debug.xcconfig"; path = "Pods/Target Support Files/Pods-otakucoin-wallet-ios/Pods-otakucoin-wallet-ios.debug.xcconfig"; sourceTree = "<group>"; };
/* End PBXFileReference section */

/* Begin PBXFrameworksBuildPhase section */
		13895AFA2075E1F200EA0856 /* Frameworks */ = {
			isa = PBXFrameworksBuildPhase;
			buildActionMask = 2147483647;
			files = (
				A9927E0492628475FCDEBB61 /* Pods_otakucoin_wallet_ios.framework in Frameworks */,
			);
			runOnlyForDeploymentPostprocessing = 0;
		};
		13895B0E2075E1F200EA0856 /* Frameworks */ = {
			isa = PBXFrameworksBuildPhase;
			buildActionMask = 2147483647;
			files = (
			);
			runOnlyForDeploymentPostprocessing = 0;
		};
		13895B192075E1F200EA0856 /* Frameworks */ = {
			isa = PBXFrameworksBuildPhase;
			buildActionMask = 2147483647;
			files = (
			);
			runOnlyForDeploymentPostprocessing = 0;
		};
/* End PBXFrameworksBuildPhase section */

/* Begin PBXGroup section */
		13895AF42075E1F200EA0856 = {
			isa = PBXGroup;
			children = (
				13895AFF2075E1F200EA0856 /* otakucoin-wallet-ios */,
				13895B142075E1F200EA0856 /* otakucoin-wallet-iosTests */,
				13895B1F2075E1F200EA0856 /* otakucoin-wallet-iosUITests */,
				13895AFE2075E1F200EA0856 /* Products */,
				C7ECD569D6D86B0A04A340EC /* Pods */,
				4996276384F69CC96122F84E /* Frameworks */,
			);
			sourceTree = "<group>";
		};
		13895AFE2075E1F200EA0856 /* Products */ = {
			isa = PBXGroup;
			children = (
				13895AFD2075E1F200EA0856 /* otakucoin-wallet-ios.app */,
				13895B112075E1F200EA0856 /* otakucoin-wallet-iosTests.xctest */,
				13895B1C2075E1F200EA0856 /* otakucoin-wallet-iosUITests.xctest */,
			);
			name = Products;
			sourceTree = "<group>";
		};
		13895AFF2075E1F200EA0856 /* otakucoin-wallet-ios */ = {
			isa = PBXGroup;
			children = (
				13895B002075E1F200EA0856 /* AppDelegate.swift */,
				13895B022075E1F200EA0856 /* ViewController.swift */,
				13895B042075E1F200EA0856 /* Main.storyboard */,
				13895B072075E1F200EA0856 /* Assets.xcassets */,
				13895B092075E1F200EA0856 /* LaunchScreen.storyboard */,
				13895B0C2075E1F200EA0856 /* Info.plist */,
			);
			path = "otakucoin-wallet-ios";
			sourceTree = "<group>";
		};
		13895B142075E1F200EA0856 /* otakucoin-wallet-iosTests */ = {
			isa = PBXGroup;
			children = (
				13895B152075E1F200EA0856 /* otakucoin_wallet_iosTests.swift */,
				13895B172075E1F200EA0856 /* Info.plist */,
			);
			path = "otakucoin-wallet-iosTests";
			sourceTree = "<group>";
		};
		13895B1F2075E1F200EA0856 /* otakucoin-wallet-iosUITests */ = {
			isa = PBXGroup;
			children = (
				13895B202075E1F200EA0856 /* otakucoin_wallet_iosUITests.swift */,
				13895B222075E1F200EA0856 /* Info.plist */,
			);
			path = "otakucoin-wallet-iosUITests";
			sourceTree = "<group>";
		};
		4996276384F69CC96122F84E /* Frameworks */ = {
			isa = PBXGroup;
			children = (
				8DD888C5243E75F8D4F1D9EA /* Pods_otakucoin_wallet_ios.framework */,
			);
			name = Frameworks;
			sourceTree = "<group>";
		};
		C7ECD569D6D86B0A04A340EC /* Pods */ = {
			isa = PBXGroup;
			children = (
				AC310C08B0872BAB474ECE9F /* Pods-otakucoin-wallet-ios.debug.xcconfig */,
				5D888A6A4A4C25CFB0A6AECD /* Pods-otakucoin-wallet-ios.release.xcconfig */,
			);
			name = Pods;
			sourceTree = "<group>";
		};
/* End PBXGroup section */

/* Begin PBXNativeTarget section */
		13895AFC2075E1F200EA0856 /* otakucoin-wallet-ios */ = {
			isa = PBXNativeTarget;
			buildConfigurationList = 13895B252075E1F200EA0856 /* Build configuration list for PBXNativeTarget "otakucoin-wallet-ios" */;
			buildPhases = (
				74890E243591DCB04638644A /* [CP] Check Pods Manifest.lock */,
				13895AF92075E1F200EA0856 /* Sources */,
				13895AFA2075E1F200EA0856 /* Frameworks */,
				13895AFB2075E1F200EA0856 /* Resources */,
				1578DA83411B33DF9899B71B /* [CP] Embed Pods Frameworks */,
				A3385D1E267283C4C7EFBA53 /* [CP] Copy Pods Resources */,
			);
			buildRules = (
			);
			dependencies = (
			);
			name = "otakucoin-wallet-ios";
			productName = "otakucoin-wallet-ios";
			productReference = 13895AFD2075E1F200EA0856 /* otakucoin-wallet-ios.app */;
			productType = "com.apple.product-type.application";
		};
		13895B102075E1F200EA0856 /* otakucoin-wallet-iosTests */ = {
			isa = PBXNativeTarget;
			buildConfigurationList = 13895B282075E1F200EA0856 /* Build configuration list for PBXNativeTarget "otakucoin-wallet-iosTests" */;
			buildPhases = (
				13895B0D2075E1F200EA0856 /* Sources */,
				13895B0E2075E1F200EA0856 /* Frameworks */,
				13895B0F2075E1F200EA0856 /* Resources */,
			);
			buildRules = (
			);
			dependencies = (
				13895B132075E1F200EA0856 /* PBXTargetDependency */,
			);
			name = "otakucoin-wallet-iosTests";
			productName = "otakucoin-wallet-iosTests";
			productReference = 13895B112075E1F200EA0856 /* otakucoin-wallet-iosTests.xctest */;
			productType = "com.apple.product-type.bundle.unit-test";
		};
		13895B1B2075E1F200EA0856 /* otakucoin-wallet-iosUITests */ = {
			isa = PBXNativeTarget;
			buildConfigurationList = 13895B2B2075E1F200EA0856 /* Build configuration list for PBXNativeTarget "otakucoin-wallet-iosUITests" */;
			buildPhases = (
				13895B182075E1F200EA0856 /* Sources */,
				13895B192075E1F200EA0856 /* Frameworks */,
				13895B1A2075E1F200EA0856 /* Resources */,
			);
			buildRules = (
			);
			dependencies = (
				13895B1E2075E1F200EA0856 /* PBXTargetDependency */,
			);
			name = "otakucoin-wallet-iosUITests";
			productName = "otakucoin-wallet-iosUITests";
			productReference = 13895B1C2075E1F200EA0856 /* otakucoin-wallet-iosUITests.xctest */;
			productType = "com.apple.product-type.bundle.ui-testing";
		};
/* End PBXNativeTarget section */

/* Begin PBXProject section */
		13895AF52075E1F200EA0856 /* Project object */ = {
			isa = PBXProject;
			attributes = {
				LastSwiftUpdateCheck = 0920;
				LastUpgradeCheck = 0920;
				ORGANIZATIONNAME = "Tetsuro Takemoto";
				TargetAttributes = {
					13895AFC2075E1F200EA0856 = {
						CreatedOnToolsVersion = 9.2;
						ProvisioningStyle = Automatic;
					};
					13895B102075E1F200EA0856 = {
						CreatedOnToolsVersion = 9.2;
						ProvisioningStyle = Automatic;
						TestTargetID = 13895AFC2075E1F200EA0856;
					};
					13895B1B2075E1F200EA0856 = {
						CreatedOnToolsVersion = 9.2;
						ProvisioningStyle = Automatic;
						TestTargetID = 13895AFC2075E1F200EA0856;
					};
				};
			};
			buildConfigurationList = 13895AF82075E1F200EA0856 /* Build configuration list for PBXProject "otakucoin-wallet-ios" */;
			compatibilityVersion = "Xcode 8.0";
			developmentRegion = en;
			hasScannedForEncodings = 0;
			knownRegions = (
				en,
				Base,
			);
			mainGroup = 13895AF42075E1F200EA0856;
			productRefGroup = 13895AFE2075E1F200EA0856 /* Products */;
			projectDirPath = "";
			projectRoot = "";
			targets = (
				13895AFC2075E1F200EA0856 /* otakucoin-wallet-ios */,
				13895B102075E1F200EA0856 /* otakucoin-wallet-iosTests */,
				13895B1B2075E1F200EA0856 /* otakucoin-wallet-iosUITests */,
			);
		};
/* End PBXProject section */

/* Begin PBXResourcesBuildPhase section */
		13895AFB2075E1F200EA0856 /* Resources */ = {
			isa = PBXResourcesBuildPhase;
			buildActionMask = 2147483647;
			files = (
				13895B0B2075E1F200EA0856 /* LaunchScreen.storyboard in Resources */,
				13895B082075E1F200EA0856 /* Assets.xcassets in Resources */,
				13895B062075E1F200EA0856 /* Main.storyboard in Resources */,
			);
			runOnlyForDeploymentPostprocessing = 0;
		};
		13895B0F2075E1F200EA0856 /* Resources */ = {
			isa = PBXResourcesBuildPhase;
			buildActionMask = 2147483647;
			files = (
			);
			runOnlyForDeploymentPostprocessing = 0;
		};
		13895B1A2075E1F200EA0856 /* Resources */ = {
			isa = PBXResourcesBuildPhase;
			buildActionMask = 2147483647;
			files = (
			);
			runOnlyForDeploymentPostprocessing = 0;
		};
/* End PBXResourcesBuildPhase section */

/* Begin PBXShellScriptBuildPhase section */
		1578DA83411B33DF9899B71B /* [CP] Embed Pods Frameworks */ = {
			isa = PBXShellScriptBuildPhase;
			buildActionMask = 2147483647;
			files = (
			);
			inputPaths = (
				"${SRCROOT}/Pods/Target Support Files/Pods-otakucoin-wallet-ios/Pods-otakucoin-wallet-ios-frameworks.sh",
				"${BUILT_PRODUCTS_DIR}/SnapKit/SnapKit.framework",
			);
			name = "[CP] Embed Pods Frameworks";
			outputPaths = (
				"${TARGET_BUILD_DIR}/${FRAMEWORKS_FOLDER_PATH}/SnapKit.framework",
			);
			runOnlyForDeploymentPostprocessing = 0;
			shellPath = /bin/sh;
			shellScript = "\"${SRCROOT}/Pods/Target Support Files/Pods-otakucoin-wallet-ios/Pods-otakucoin-wallet-ios-frameworks.sh\"\n";
			showEnvVarsInLog = 0;
		};
		74890E243591DCB04638644A /* [CP] Check Pods Manifest.lock */ = {
			isa = PBXShellScriptBuildPhase;
			buildActionMask = 2147483647;
			files = (
			);
			inputPaths = (
				"${PODS_PODFILE_DIR_PATH}/Podfile.lock",
				"${PODS_ROOT}/Manifest.lock",
			);
			name = "[CP] Check Pods Manifest.lock";
			outputPaths = (
				"$(DERIVED_FILE_DIR)/Pods-otakucoin-wallet-ios-checkManifestLockResult.txt",
			);
			runOnlyForDeploymentPostprocessing = 0;
			shellPath = /bin/sh;
			shellScript = "diff \"${PODS_PODFILE_DIR_PATH}/Podfile.lock\" \"${PODS_ROOT}/Manifest.lock\" > /dev/null\nif [ $? != 0 ] ; then\n    # print error to STDERR\n    echo \"error: The sandbox is not in sync with the Podfile.lock. Run 'pod install' or update your CocoaPods installation.\" >&2\n    exit 1\nfi\n# This output is used by Xcode 'outputs' to avoid re-running this script phase.\necho \"SUCCESS\" > \"${SCRIPT_OUTPUT_FILE_0}\"\n";
			showEnvVarsInLog = 0;
		};
		A3385D1E267283C4C7EFBA53 /* [CP] Copy Pods Resources */ = {
			isa = PBXShellScriptBuildPhase;
			buildActionMask = 2147483647;
			files = (
			);
			inputPaths = (
			);
			name = "[CP] Copy Pods Resources";
			outputPaths = (
			);
			runOnlyForDeploymentPostprocessing = 0;
			shellPath = /bin/sh;
			shellScript = "\"${SRCROOT}/Pods/Target Support Files/Pods-otakucoin-wallet-ios/Pods-otakucoin-wallet-ios-resources.sh\"\n";
			showEnvVarsInLog = 0;
		};
/* End PBXShellScriptBuildPhase section */

/* Begin PBXSourcesBuildPhase section */
		13895AF92075E1F200EA0856 /* Sources */ = {
			isa = PBXSourcesBuildPhase;
			buildActionMask = 2147483647;
			files = (
				13895B032075E1F200EA0856 /* ViewController.swift in Sources */,
				13895B012075E1F200EA0856 /* AppDelegate.swift in Sources */,
			);
			runOnlyForDeploymentPostprocessing = 0;
		};
		13895B0D2075E1F200EA0856 /* Sources */ = {
			isa = PBXSourcesBuildPhase;
			buildActionMask = 2147483647;
			files = (
				13895B162075E1F200EA0856 /* otakucoin_wallet_iosTests.swift in Sources */,
			);
			runOnlyForDeploymentPostprocessing = 0;
		};
		13895B182075E1F200EA0856 /* Sources */ = {
			isa = PBXSourcesBuildPhase;
			buildActionMask = 2147483647;
			files = (
				13895B212075E1F200EA0856 /* otakucoin_wallet_iosUITests.swift in Sources */,
			);
			runOnlyForDeploymentPostprocessing = 0;
		};
/* End PBXSourcesBuildPhase section */

/* Begin PBXTargetDependency section */
		13895B132075E1F200EA0856 /* PBXTargetDependency */ = {
			isa = PBXTargetDependency;
			target = 13895AFC2075E1F200EA0856 /* otakucoin-wallet-ios */;
			targetProxy = 13895B122075E1F200EA0856 /* PBXContainerItemProxy */;
		};
		13895B1E2075E1F200EA0856 /* PBXTargetDependency */ = {
			isa = PBXTargetDependency;
			target = 13895AFC2075E1F200EA0856 /* otakucoin-wallet-ios */;
			targetProxy = 13895B1D2075E1F200EA0856 /* PBXContainerItemProxy */;
		};
/* End PBXTargetDependency section */

/* Begin PBXVariantGroup section */
		13895B042075E1F200EA0856 /* Main.storyboard */ = {
			isa = PBXVariantGroup;
			children = (
				13895B052075E1F200EA0856 /* Base */,
			);
			name = Main.storyboard;
			sourceTree = "<group>";
		};
		13895B092075E1F200EA0856 /* LaunchScreen.storyboard */ = {
			isa = PBXVariantGroup;
			children = (
				13895B0A2075E1F200EA0856 /* Base */,
			);
			name = LaunchScreen.storyboard;
			sourceTree = "<group>";
		};
/* End PBXVariantGroup section */

/* Begin XCBuildConfiguration section */
		13895B232075E1F200EA0856 /* Debug */ = {
			isa = XCBuildConfiguration;
			buildSettings = {
				ALWAYS_SEARCH_USER_PATHS = NO;
				CLANG_ANALYZER_NONNULL = YES;
				CLANG_ANALYZER_NUMBER_OBJECT_CONVERSION = YES_AGGRESSIVE;
				CLANG_CXX_LANGUAGE_STANDARD = "gnu++14";
				CLANG_CXX_LIBRARY = "libc++";
				CLANG_ENABLE_MODULES = YES;
				CLANG_ENABLE_OBJC_ARC = YES;
				CLANG_WARN_BLOCK_CAPTURE_AUTORELEASING = YES;
				CLANG_WARN_BOOL_CONVERSION = YES;
				CLANG_WARN_COMMA = YES;
				CLANG_WARN_CONSTANT_CONVERSION = YES;
				CLANG_WARN_DIRECT_OBJC_ISA_USAGE = YES_ERROR;
				CLANG_WARN_DOCUMENTATION_COMMENTS = YES;
				CLANG_WARN_EMPTY_BODY = YES;
				CLANG_WARN_ENUM_CONVERSION = YES;
				CLANG_WARN_INFINITE_RECURSION = YES;
				CLANG_WARN_INT_CONVERSION = YES;
				CLANG_WARN_NON_LITERAL_NULL_CONVERSION = YES;
				CLANG_WARN_OBJC_LITERAL_CONVERSION = YES;
				CLANG_WARN_OBJC_ROOT_CLASS = YES_ERROR;
				CLANG_WARN_RANGE_LOOP_ANALYSIS = YES;
				CLANG_WARN_STRICT_PROTOTYPES = YES;
				CLANG_WARN_SUSPICIOUS_MOVE = YES;
				CLANG_WARN_UNGUARDED_AVAILABILITY = YES_AGGRESSIVE;
				CLANG_WARN_UNREACHABLE_CODE = YES;
				CLANG_WARN__DUPLICATE_METHOD_MATCH = YES;
				CODE_SIGN_IDENTITY = "iPhone Developer";
				COPY_PHASE_STRIP = NO;
				DEBUG_INFORMATION_FORMAT = dwarf;
				ENABLE_STRICT_OBJC_MSGSEND = YES;
				ENABLE_TESTABILITY = YES;
				GCC_C_LANGUAGE_STANDARD = gnu11;
				GCC_DYNAMIC_NO_PIC = NO;
				GCC_NO_COMMON_BLOCKS = YES;
				GCC_OPTIMIZATION_LEVEL = 0;
				GCC_PREPROCESSOR_DEFINITIONS = (
					"DEBUG=1",
					"$(inherited)",
				);
				GCC_WARN_64_TO_32_BIT_CONVERSION = YES;
				GCC_WARN_ABOUT_RETURN_TYPE = YES_ERROR;
				GCC_WARN_UNDECLARED_SELECTOR = YES;
				GCC_WARN_UNINITIALIZED_AUTOS = YES_AGGRESSIVE;
				GCC_WARN_UNUSED_FUNCTION = YES;
				GCC_WARN_UNUSED_VARIABLE = YES;
				IPHONEOS_DEPLOYMENT_TARGET = 11.2;
				MTL_ENABLE_DEBUG_INFO = YES;
				ONLY_ACTIVE_ARCH = YES;
				SDKROOT = iphoneos;
				SWIFT_ACTIVE_COMPILATION_CONDITIONS = DEBUG;
				SWIFT_OPTIMIZATION_LEVEL = "-Onone";
			};
			name = Debug;
		};
		13895B242075E1F200EA0856 /* Release */ = {
			isa = XCBuildConfiguration;
			buildSettings = {
				ALWAYS_SEARCH_USER_PATHS = NO;
				CLANG_ANALYZER_NONNULL = YES;
				CLANG_ANALYZER_NUMBER_OBJECT_CONVERSION = YES_AGGRESSIVE;
				CLANG_CXX_LANGUAGE_STANDARD = "gnu++14";
				CLANG_CXX_LIBRARY = "libc++";
				CLANG_ENABLE_MODULES = YES;
				CLANG_ENABLE_OBJC_ARC = YES;
				CLANG_WARN_BLOCK_CAPTURE_AUTORELEASING = YES;
				CLANG_WARN_BOOL_CONVERSION = YES;
				CLANG_WARN_COMMA = YES;
				CLANG_WARN_CONSTANT_CONVERSION = YES;
				CLANG_WARN_DIRECT_OBJC_ISA_USAGE = YES_ERROR;
				CLANG_WARN_DOCUMENTATION_COMMENTS = YES;
				CLANG_WARN_EMPTY_BODY = YES;
				CLANG_WARN_ENUM_CONVERSION = YES;
				CLANG_WARN_INFINITE_RECURSION = YES;
				CLANG_WARN_INT_CONVERSION = YES;
				CLANG_WARN_NON_LITERAL_NULL_CONVERSION = YES;
				CLANG_WARN_OBJC_LITERAL_CONVERSION = YES;
				CLANG_WARN_OBJC_ROOT_CLASS = YES_ERROR;
				CLANG_WARN_RANGE_LOOP_ANALYSIS = YES;
				CLANG_WARN_STRICT_PROTOTYPES = YES;
				CLANG_WARN_SUSPICIOUS_MOVE = YES;
				CLANG_WARN_UNGUARDED_AVAILABILITY = YES_AGGRESSIVE;
				CLANG_WARN_UNREACHABLE_CODE = YES;
				CLANG_WARN__DUPLICATE_METHOD_MATCH = YES;
				CODE_SIGN_IDENTITY = "iPhone Developer";
				COPY_PHASE_STRIP = NO;
				DEBUG_INFORMATION_FORMAT = "dwarf-with-dsym";
				ENABLE_NS_ASSERTIONS = NO;
				ENABLE_STRICT_OBJC_MSGSEND = YES;
				GCC_C_LANGUAGE_STANDARD = gnu11;
				GCC_NO_COMMON_BLOCKS = YES;
				GCC_WARN_64_TO_32_BIT_CONVERSION = YES;
				GCC_WARN_ABOUT_RETURN_TYPE = YES_ERROR;
				GCC_WARN_UNDECLARED_SELECTOR = YES;
				GCC_WARN_UNINITIALIZED_AUTOS = YES_AGGRESSIVE;
				GCC_WARN_UNUSED_FUNCTION = YES;
				GCC_WARN_UNUSED_VARIABLE = YES;
				IPHONEOS_DEPLOYMENT_TARGET = 11.2;
				MTL_ENABLE_DEBUG_INFO = NO;
				SDKROOT = iphoneos;
				SWIFT_OPTIMIZATION_LEVEL = "-Owholemodule";
				VALIDATE_PRODUCT = YES;
			};
			name = Release;
		};
		13895B262075E1F200EA0856 /* Debug */ = {
			isa = XCBuildConfiguration;
			baseConfigurationReference = AC310C08B0872BAB474ECE9F /* Pods-otakucoin-wallet-ios.debug.xcconfig */;
			buildSettings = {
				ASSETCATALOG_COMPILER_APPICON_NAME = AppIcon;
				CODE_SIGN_STYLE = Automatic;
				DEVELOPMENT_TEAM = WG88Z7A99A;
				INFOPLIST_FILE = "otakucoin-wallet-ios/Info.plist";
				LD_RUNPATH_SEARCH_PATHS = "$(inherited) @executable_path/Frameworks";
				PRODUCT_BUNDLE_IDENTIFIER = "com.ineeza.otakucoin-wallet-ios";
				PRODUCT_NAME = "$(TARGET_NAME)";
				SWIFT_VERSION = 4.0;
				TARGETED_DEVICE_FAMILY = "1,2";
			};
			name = Debug;
		};
		13895B272075E1F200EA0856 /* Release */ = {
			isa = XCBuildConfiguration;
			baseConfigurationReference = 5D888A6A4A4C25CFB0A6AECD /* Pods-otakucoin-wallet-ios.release.xcconfig */;
			buildSettings = {
				ASSETCATALOG_COMPILER_APPICON_NAME = AppIcon;
				CODE_SIGN_STYLE = Automatic;
				DEVELOPMENT_TEAM = WG88Z7A99A;
				INFOPLIST_FILE = "otakucoin-wallet-ios/Info.plist";
				LD_RUNPATH_SEARCH_PATHS = "$(inherited) @executable_path/Frameworks";
				PRODUCT_BUNDLE_IDENTIFIER = "com.ineeza.otakucoin-wallet-ios";
				PRODUCT_NAME = "$(TARGET_NAME)";
				SWIFT_VERSION = 4.0;
				TARGETED_DEVICE_FAMILY = "1,2";
			};
			name = Release;
		};
		13895B292075E1F200EA0856 /* Debug */ = {
			isa = XCBuildConfiguration;
			buildSettings = {
				ALWAYS_EMBED_SWIFT_STANDARD_LIBRARIES = YES;
				BUNDLE_LOADER = "$(TEST_HOST)";
				CODE_SIGN_STYLE = Automatic;
				DEVELOPMENT_TEAM = WG88Z7A99A;
				INFOPLIST_FILE = "otakucoin-wallet-iosTests/Info.plist";
				LD_RUNPATH_SEARCH_PATHS = "$(inherited) @executable_path/Frameworks @loader_path/Frameworks";
				PRODUCT_BUNDLE_IDENTIFIER = "com.ineeza.otakucoin-wallet-iosTests";
				PRODUCT_NAME = "$(TARGET_NAME)";
				SWIFT_VERSION = 4.0;
				TARGETED_DEVICE_FAMILY = "1,2";
				TEST_HOST = "$(BUILT_PRODUCTS_DIR)/otakucoin-wallet-ios.app/otakucoin-wallet-ios";
			};
			name = Debug;
		};
		13895B2A2075E1F200EA0856 /* Release */ = {
			isa = XCBuildConfiguration;
			buildSettings = {
				ALWAYS_EMBED_SWIFT_STANDARD_LIBRARIES = YES;
				BUNDLE_LOADER = "$(TEST_HOST)";
				CODE_SIGN_STYLE = Automatic;
				DEVELOPMENT_TEAM = WG88Z7A99A;
				INFOPLIST_FILE = "otakucoin-wallet-iosTests/Info.plist";
				LD_RUNPATH_SEARCH_PATHS = "$(inherited) @executable_path/Frameworks @loader_path/Frameworks";
				PRODUCT_BUNDLE_IDENTIFIER = "com.ineeza.otakucoin-wallet-iosTests";
				PRODUCT_NAME = "$(TARGET_NAME)";
				SWIFT_VERSION = 4.0;
				TARGETED_DEVICE_FAMILY = "1,2";
				TEST_HOST = "$(BUILT_PRODUCTS_DIR)/otakucoin-wallet-ios.app/otakucoin-wallet-ios";
			};
			name = Release;
		};
		13895B2C2075E1F200EA0856 /* Debug */ = {
			isa = XCBuildConfiguration;
			buildSettings = {
				ALWAYS_EMBED_SWIFT_STANDARD_LIBRARIES = YES;
				CODE_SIGN_STYLE = Automatic;
				DEVELOPMENT_TEAM = WG88Z7A99A;
				INFOPLIST_FILE = "otakucoin-wallet-iosUITests/Info.plist";
				LD_RUNPATH_SEARCH_PATHS = "$(inherited) @executable_path/Frameworks @loader_path/Frameworks";
				PRODUCT_BUNDLE_IDENTIFIER = "com.ineeza.otakucoin-wallet-iosUITests";
				PRODUCT_NAME = "$(TARGET_NAME)";
				SWIFT_VERSION = 4.0;
				TARGETED_DEVICE_FAMILY = "1,2";
				TEST_TARGET_NAME = "otakucoin-wallet-ios";
			};
			name = Debug;
		};
		13895B2D2075E1F200EA0856 /* Release */ = {
			isa = XCBuildConfiguration;
			buildSettings = {
				ALWAYS_EMBED_SWIFT_STANDARD_LIBRARIES = YES;
				CODE_SIGN_STYLE = Automatic;
				DEVELOPMENT_TEAM = WG88Z7A99A;
				INFOPLIST_FILE = "otakucoin-wallet-iosUITests/Info.plist";
				LD_RUNPATH_SEARCH_PATHS = "$(inherited) @executable_path/Frameworks @loader_path/Frameworks";
				PRODUCT_BUNDLE_IDENTIFIER = "com.ineeza.otakucoin-wallet-iosUITests";
				PRODUCT_NAME = "$(TARGET_NAME)";
				SWIFT_VERSION = 4.0;
				TARGETED_DEVICE_FAMILY = "1,2";
				TEST_TARGET_NAME = "otakucoin-wallet-ios";
			};
			name = Release;
		};
/* End XCBuildConfiguration section */

/* Begin XCConfigurationList section */
		13895AF82075E1F200EA0856 /* Build configuration list for PBXProject "otakucoin-wallet-ios" */ = {
			isa = XCConfigurationList;
			buildConfigurations = (
				13895B232075E1F200EA0856 /* Debug */,
				13895B242075E1F200EA0856 /* Release */,
			);
			defaultConfigurationIsVisible = 0;
			defaultConfigurationName = Release;
		};
		13895B252075E1F200EA0856 /* Build configuration list for PBXNativeTarget "otakucoin-wallet-ios" */ = {
			isa = XCConfigurationList;
			buildConfigurations = (
				13895B262075E1F200EA0856 /* Debug */,
				13895B272075E1F200EA0856 /* Release */,
			);
			defaultConfigurationIsVisible = 0;
			defaultConfigurationName = Release;
		};
		13895B282075E1F200EA0856 /* Build configuration list for PBXNativeTarget "otakucoin-wallet-iosTests" */ = {
			isa = XCConfigurationList;
			buildConfigurations = (
				13895B292075E1F200EA0856 /* Debug */,
				13895B2A2075E1F200EA0856 /* Release */,
			);
			defaultConfigurationIsVisible = 0;
			defaultConfigurationName = Release;
		};
		13895B2B2075E1F200EA0856 /* Build configuration list for PBXNativeTarget "otakucoin-wallet-iosUITests" */ = {
			isa = XCConfigurationList;
			buildConfigurations = (
				13895B2C2075E1F200EA0856 /* Debug */,
				13895B2D2075E1F200EA0856 /* Release */,
			);
			defaultConfigurationIsVisible = 0;
			defaultConfigurationName = Release;
		};
/* End XCConfigurationList section */
	};
	rootObject = 13895AF52075E1F200EA0856 /* Project object */;
}
