// !$*UTF8*$!
{
	archiveVersion = 1;
	classes = {
	};
	objectVersion = 50;
	objects = {

/* Begin PBXBuildFile section */
		1311463E207F8A0600D956D8 /* AppDelegate.swift in Sources */ = {isa = PBXBuildFile; fileRef = 1311463D207F8A0600D956D8 /* AppDelegate.swift */; };
		13114640207F8A0600D956D8 /* ViewController.swift in Sources */ = {isa = PBXBuildFile; fileRef = 1311463F207F8A0600D956D8 /* ViewController.swift */; };
		13114645207F8A0700D956D8 /* Assets.xcassets in Resources */ = {isa = PBXBuildFile; fileRef = 13114644207F8A0700D956D8 /* Assets.xcassets */; };
		13114648207F8A0700D956D8 /* LaunchScreen.storyboard in Resources */ = {isa = PBXBuildFile; fileRef = 13114646207F8A0700D956D8 /* LaunchScreen.storyboard */; };
		13114653207F8A0700D956D8 /* otaku_wallet_iosTests.swift in Sources */ = {isa = PBXBuildFile; fileRef = 13114652207F8A0700D956D8 /* otaku_wallet_iosTests.swift */; };
		1311465E207F8A0700D956D8 /* otaku_wallet_iosUITests.swift in Sources */ = {isa = PBXBuildFile; fileRef = 1311465D207F8A0700D956D8 /* otaku_wallet_iosUITests.swift */; };
		1311466C207F8B3000D956D8 /* SnapKit.framework in Frameworks */ = {isa = PBXBuildFile; fileRef = 1311466B207F8B3000D956D8 /* SnapKit.framework */; };
		1311466D207F8B3000D956D8 /* SnapKit.framework in Embed Frameworks */ = {isa = PBXBuildFile; fileRef = 1311466B207F8B3000D956D8 /* SnapKit.framework */; settings = {ATTRIBUTES = (CodeSignOnCopy, RemoveHeadersOnCopy, ); }; };
		13114670207F8C2E00D956D8 /* Nav1ViewController.swift in Sources */ = {isa = PBXBuildFile; fileRef = 1311466F207F8C2E00D956D8 /* Nav1ViewController.swift */; };
		13114672207F91AE00D956D8 /* SecondViewController.swift in Sources */ = {isa = PBXBuildFile; fileRef = 13114671207F91AE00D956D8 /* SecondViewController.swift */; };
		13114674207F926700D956D8 /* Nav2ViewController.swift in Sources */ = {isa = PBXBuildFile; fileRef = 13114673207F926700D956D8 /* Nav2ViewController.swift */; };
		13114676207F92FE00D956D8 /* MainTabBarViewController.swift in Sources */ = {isa = PBXBuildFile; fileRef = 13114675207F92FE00D956D8 /* MainTabBarViewController.swift */; };
/* End PBXBuildFile section */

/* Begin PBXContainerItemProxy section */
		1311464F207F8A0700D956D8 /* PBXContainerItemProxy */ = {
			isa = PBXContainerItemProxy;
			containerPortal = 13114632207F8A0600D956D8 /* Project object */;
			proxyType = 1;
			remoteGlobalIDString = 13114639207F8A0600D956D8;
			remoteInfo = "otaku-wallet-ios";
		};
		1311465A207F8A0700D956D8 /* PBXContainerItemProxy */ = {
			isa = PBXContainerItemProxy;
			containerPortal = 13114632207F8A0600D956D8 /* Project object */;
			proxyType = 1;
			remoteGlobalIDString = 13114639207F8A0600D956D8;
			remoteInfo = "otaku-wallet-ios";
		};
/* End PBXContainerItemProxy section */

/* Begin PBXCopyFilesBuildPhase section */
		1311466E207F8B3000D956D8 /* Embed Frameworks */ = {
			isa = PBXCopyFilesBuildPhase;
			buildActionMask = 2147483647;
			dstPath = "";
			dstSubfolderSpec = 10;
			files = (
				1311466D207F8B3000D956D8 /* SnapKit.framework in Embed Frameworks */,
			);
			name = "Embed Frameworks";
			runOnlyForDeploymentPostprocessing = 0;
		};
/* End PBXCopyFilesBuildPhase section */

/* Begin PBXFileReference section */
		1311463A207F8A0600D956D8 /* otaku-wallet-ios.app */ = {isa = PBXFileReference; explicitFileType = wrapper.application; includeInIndex = 0; path = "otaku-wallet-ios.app"; sourceTree = BUILT_PRODUCTS_DIR; };
		1311463D207F8A0600D956D8 /* AppDelegate.swift */ = {isa = PBXFileReference; lastKnownFileType = sourcecode.swift; path = AppDelegate.swift; sourceTree = "<group>"; };
		1311463F207F8A0600D956D8 /* ViewController.swift */ = {isa = PBXFileReference; lastKnownFileType = sourcecode.swift; path = ViewController.swift; sourceTree = "<group>"; };
		13114644207F8A0700D956D8 /* Assets.xcassets */ = {isa = PBXFileReference; lastKnownFileType = folder.assetcatalog; path = Assets.xcassets; sourceTree = "<group>"; };
		13114647207F8A0700D956D8 /* Base */ = {isa = PBXFileReference; lastKnownFileType = file.storyboard; name = Base; path = Base.lproj/LaunchScreen.storyboard; sourceTree = "<group>"; };
		13114649207F8A0700D956D8 /* Info.plist */ = {isa = PBXFileReference; lastKnownFileType = text.plist.xml; path = Info.plist; sourceTree = "<group>"; };
		1311464E207F8A0700D956D8 /* otaku-wallet-iosTests.xctest */ = {isa = PBXFileReference; explicitFileType = wrapper.cfbundle; includeInIndex = 0; path = "otaku-wallet-iosTests.xctest"; sourceTree = BUILT_PRODUCTS_DIR; };
		13114652207F8A0700D956D8 /* otaku_wallet_iosTests.swift */ = {isa = PBXFileReference; lastKnownFileType = sourcecode.swift; path = otaku_wallet_iosTests.swift; sourceTree = "<group>"; };
		13114654207F8A0700D956D8 /* Info.plist */ = {isa = PBXFileReference; lastKnownFileType = text.plist.xml; path = Info.plist; sourceTree = "<group>"; };
		13114659207F8A0700D956D8 /* otaku-wallet-iosUITests.xctest */ = {isa = PBXFileReference; explicitFileType = wrapper.cfbundle; includeInIndex = 0; path = "otaku-wallet-iosUITests.xctest"; sourceTree = BUILT_PRODUCTS_DIR; };
		1311465D207F8A0700D956D8 /* otaku_wallet_iosUITests.swift */ = {isa = PBXFileReference; lastKnownFileType = sourcecode.swift; path = otaku_wallet_iosUITests.swift; sourceTree = "<group>"; };
		1311465F207F8A0700D956D8 /* Info.plist */ = {isa = PBXFileReference; lastKnownFileType = text.plist.xml; path = Info.plist; sourceTree = "<group>"; };
		1311466B207F8B3000D956D8 /* SnapKit.framework */ = {isa = PBXFileReference; lastKnownFileType = wrapper.framework; name = SnapKit.framework; path = Carthage/Build/iOS/SnapKit.framework; sourceTree = "<group>"; };
		1311466F207F8C2E00D956D8 /* Nav1ViewController.swift */ = {isa = PBXFileReference; lastKnownFileType = sourcecode.swift; path = Nav1ViewController.swift; sourceTree = "<group>"; };
		13114671207F91AE00D956D8 /* SecondViewController.swift */ = {isa = PBXFileReference; lastKnownFileType = sourcecode.swift; path = SecondViewController.swift; sourceTree = "<group>"; };
		13114673207F926700D956D8 /* Nav2ViewController.swift */ = {isa = PBXFileReference; lastKnownFileType = sourcecode.swift; path = Nav2ViewController.swift; sourceTree = "<group>"; };
		13114675207F92FE00D956D8 /* MainTabBarViewController.swift */ = {isa = PBXFileReference; lastKnownFileType = sourcecode.swift; path = MainTabBarViewController.swift; sourceTree = "<group>"; };
/* End PBXFileReference section */

/* Begin PBXFrameworksBuildPhase section */
		13114637207F8A0600D956D8 /* Frameworks */ = {
			isa = PBXFrameworksBuildPhase;
			buildActionMask = 2147483647;
			files = (
				1311466C207F8B3000D956D8 /* SnapKit.framework in Frameworks */,
			);
			runOnlyForDeploymentPostprocessing = 0;
		};
		1311464B207F8A0700D956D8 /* Frameworks */ = {
			isa = PBXFrameworksBuildPhase;
			buildActionMask = 2147483647;
			files = (
			);
			runOnlyForDeploymentPostprocessing = 0;
		};
		13114656207F8A0700D956D8 /* Frameworks */ = {
			isa = PBXFrameworksBuildPhase;
			buildActionMask = 2147483647;
			files = (
			);
			runOnlyForDeploymentPostprocessing = 0;
		};
/* End PBXFrameworksBuildPhase section */

/* Begin PBXGroup section */
		13114631207F8A0600D956D8 = {
			isa = PBXGroup;
			children = (
				1311466B207F8B3000D956D8 /* SnapKit.framework */,
				1311463C207F8A0600D956D8 /* otaku-wallet-ios */,
				13114651207F8A0700D956D8 /* otaku-wallet-iosTests */,
				1311465C207F8A0700D956D8 /* otaku-wallet-iosUITests */,
				1311463B207F8A0600D956D8 /* Products */,
			);
			sourceTree = "<group>";
		};
		1311463B207F8A0600D956D8 /* Products */ = {
			isa = PBXGroup;
			children = (
				1311463A207F8A0600D956D8 /* otaku-wallet-ios.app */,
				1311464E207F8A0700D956D8 /* otaku-wallet-iosTests.xctest */,
				13114659207F8A0700D956D8 /* otaku-wallet-iosUITests.xctest */,
			);
			name = Products;
			sourceTree = "<group>";
		};
		1311463C207F8A0600D956D8 /* otaku-wallet-ios */ = {
			isa = PBXGroup;
			children = (
				1311463D207F8A0600D956D8 /* AppDelegate.swift */,
				1311466F207F8C2E00D956D8 /* Nav1ViewController.swift */,
				13114673207F926700D956D8 /* Nav2ViewController.swift */,
				13114675207F92FE00D956D8 /* MainTabBarViewController.swift */,
				13114671207F91AE00D956D8 /* SecondViewController.swift */,
				1311463F207F8A0600D956D8 /* ViewController.swift */,
				13114644207F8A0700D956D8 /* Assets.xcassets */,
				13114646207F8A0700D956D8 /* LaunchScreen.storyboard */,
				13114649207F8A0700D956D8 /* Info.plist */,
			);
			path = "otaku-wallet-ios";
			sourceTree = "<group>";
		};
		13114651207F8A0700D956D8 /* otaku-wallet-iosTests */ = {
			isa = PBXGroup;
			children = (
				13114652207F8A0700D956D8 /* otaku_wallet_iosTests.swift */,
				13114654207F8A0700D956D8 /* Info.plist */,
			);
			path = "otaku-wallet-iosTests";
			sourceTree = "<group>";
		};
		1311465C207F8A0700D956D8 /* otaku-wallet-iosUITests */ = {
			isa = PBXGroup;
			children = (
				1311465D207F8A0700D956D8 /* otaku_wallet_iosUITests.swift */,
				1311465F207F8A0700D956D8 /* Info.plist */,
			);
			path = "otaku-wallet-iosUITests";
			sourceTree = "<group>";
		};
/* End PBXGroup section */

/* Begin PBXNativeTarget section */
		13114639207F8A0600D956D8 /* otaku-wallet-ios */ = {
			isa = PBXNativeTarget;
			buildConfigurationList = 13114662207F8A0700D956D8 /* Build configuration list for PBXNativeTarget "otaku-wallet-ios" */;
			buildPhases = (
				13114636207F8A0600D956D8 /* Sources */,
				13114637207F8A0600D956D8 /* Frameworks */,
				13114638207F8A0600D956D8 /* Resources */,
				1311466E207F8B3000D956D8 /* Embed Frameworks */,
			);
			buildRules = (
			);
			dependencies = (
			);
			name = "otaku-wallet-ios";
			productName = "otaku-wallet-ios";
			productReference = 1311463A207F8A0600D956D8 /* otaku-wallet-ios.app */;
			productType = "com.apple.product-type.application";
		};
		1311464D207F8A0700D956D8 /* otaku-wallet-iosTests */ = {
			isa = PBXNativeTarget;
			buildConfigurationList = 13114665207F8A0700D956D8 /* Build configuration list for PBXNativeTarget "otaku-wallet-iosTests" */;
			buildPhases = (
				1311464A207F8A0700D956D8 /* Sources */,
				1311464B207F8A0700D956D8 /* Frameworks */,
				1311464C207F8A0700D956D8 /* Resources */,
			);
			buildRules = (
			);
			dependencies = (
				13114650207F8A0700D956D8 /* PBXTargetDependency */,
			);
			name = "otaku-wallet-iosTests";
			productName = "otaku-wallet-iosTests";
			productReference = 1311464E207F8A0700D956D8 /* otaku-wallet-iosTests.xctest */;
			productType = "com.apple.product-type.bundle.unit-test";
		};
		13114658207F8A0700D956D8 /* otaku-wallet-iosUITests */ = {
			isa = PBXNativeTarget;
			buildConfigurationList = 13114668207F8A0700D956D8 /* Build configuration list for PBXNativeTarget "otaku-wallet-iosUITests" */;
			buildPhases = (
				13114655207F8A0700D956D8 /* Sources */,
				13114656207F8A0700D956D8 /* Frameworks */,
				13114657207F8A0700D956D8 /* Resources */,
			);
			buildRules = (
			);
			dependencies = (
				1311465B207F8A0700D956D8 /* PBXTargetDependency */,
			);
			name = "otaku-wallet-iosUITests";
			productName = "otaku-wallet-iosUITests";
			productReference = 13114659207F8A0700D956D8 /* otaku-wallet-iosUITests.xctest */;
			productType = "com.apple.product-type.bundle.ui-testing";
		};
/* End PBXNativeTarget section */

/* Begin PBXProject section */
		13114632207F8A0600D956D8 /* Project object */ = {
			isa = PBXProject;
			attributes = {
				LastSwiftUpdateCheck = 0930;
				LastUpgradeCheck = 0930;
				ORGANIZATIONNAME = "Tetsuro Takemoto";
				TargetAttributes = {
					13114639207F8A0600D956D8 = {
						CreatedOnToolsVersion = 9.3;
					};
					1311464D207F8A0700D956D8 = {
						CreatedOnToolsVersion = 9.3;
						TestTargetID = 13114639207F8A0600D956D8;
					};
					13114658207F8A0700D956D8 = {
						CreatedOnToolsVersion = 9.3;
						TestTargetID = 13114639207F8A0600D956D8;
					};
				};
			};
			buildConfigurationList = 13114635207F8A0600D956D8 /* Build configuration list for PBXProject "otaku-wallet-ios" */;
			compatibilityVersion = "Xcode 9.3";
			developmentRegion = en;
			hasScannedForEncodings = 0;
			knownRegions = (
				en,
				Base,
			);
			mainGroup = 13114631207F8A0600D956D8;
			productRefGroup = 1311463B207F8A0600D956D8 /* Products */;
			projectDirPath = "";
			projectRoot = "";
			targets = (
				13114639207F8A0600D956D8 /* otaku-wallet-ios */,
				1311464D207F8A0700D956D8 /* otaku-wallet-iosTests */,
				13114658207F8A0700D956D8 /* otaku-wallet-iosUITests */,
			);
		};
/* End PBXProject section */

/* Begin PBXResourcesBuildPhase section */
		13114638207F8A0600D956D8 /* Resources */ = {
			isa = PBXResourcesBuildPhase;
			buildActionMask = 2147483647;
			files = (
				13114648207F8A0700D956D8 /* LaunchScreen.storyboard in Resources */,
				13114645207F8A0700D956D8 /* Assets.xcassets in Resources */,
			);
			runOnlyForDeploymentPostprocessing = 0;
		};
		1311464C207F8A0700D956D8 /* Resources */ = {
			isa = PBXResourcesBuildPhase;
			buildActionMask = 2147483647;
			files = (
			);
			runOnlyForDeploymentPostprocessing = 0;
		};
		13114657207F8A0700D956D8 /* Resources */ = {
			isa = PBXResourcesBuildPhase;
			buildActionMask = 2147483647;
			files = (
			);
			runOnlyForDeploymentPostprocessing = 0;
		};
/* End PBXResourcesBuildPhase section */

/* Begin PBXSourcesBuildPhase section */
		13114636207F8A0600D956D8 /* Sources */ = {
			isa = PBXSourcesBuildPhase;
			buildActionMask = 2147483647;
			files = (
				13114674207F926700D956D8 /* Nav2ViewController.swift in Sources */,
				13114672207F91AE00D956D8 /* SecondViewController.swift in Sources */,
				13114670207F8C2E00D956D8 /* Nav1ViewController.swift in Sources */,
				13114676207F92FE00D956D8 /* MainTabBarViewController.swift in Sources */,
				13114640207F8A0600D956D8 /* ViewController.swift in Sources */,
				1311463E207F8A0600D956D8 /* AppDelegate.swift in Sources */,
			);
			runOnlyForDeploymentPostprocessing = 0;
		};
		1311464A207F8A0700D956D8 /* Sources */ = {
			isa = PBXSourcesBuildPhase;
			buildActionMask = 2147483647;
			files = (
				13114653207F8A0700D956D8 /* otaku_wallet_iosTests.swift in Sources */,
			);
			runOnlyForDeploymentPostprocessing = 0;
		};
		13114655207F8A0700D956D8 /* Sources */ = {
			isa = PBXSourcesBuildPhase;
			buildActionMask = 2147483647;
			files = (
				1311465E207F8A0700D956D8 /* otaku_wallet_iosUITests.swift in Sources */,
			);
			runOnlyForDeploymentPostprocessing = 0;
		};
/* End PBXSourcesBuildPhase section */

/* Begin PBXTargetDependency section */
		13114650207F8A0700D956D8 /* PBXTargetDependency */ = {
			isa = PBXTargetDependency;
			target = 13114639207F8A0600D956D8 /* otaku-wallet-ios */;
			targetProxy = 1311464F207F8A0700D956D8 /* PBXContainerItemProxy */;
		};
		1311465B207F8A0700D956D8 /* PBXTargetDependency */ = {
			isa = PBXTargetDependency;
			target = 13114639207F8A0600D956D8 /* otaku-wallet-ios */;
			targetProxy = 1311465A207F8A0700D956D8 /* PBXContainerItemProxy */;
		};
/* End PBXTargetDependency section */

/* Begin PBXVariantGroup section */
		13114646207F8A0700D956D8 /* LaunchScreen.storyboard */ = {
			isa = PBXVariantGroup;
			children = (
				13114647207F8A0700D956D8 /* Base */,
			);
			name = LaunchScreen.storyboard;
			sourceTree = "<group>";
		};
/* End PBXVariantGroup section */

/* Begin XCBuildConfiguration section */
		13114660207F8A0700D956D8 /* Debug */ = {
			isa = XCBuildConfiguration;
			buildSettings = {
				ALWAYS_SEARCH_USER_PATHS = NO;
				CLANG_ANALYZER_NONNULL = YES;
				CLANG_ANALYZER_NUMBER_OBJECT_CONVERSION = YES_AGGRESSIVE;
				CLANG_CXX_LANGUAGE_STANDARD = "gnu++14";
				CLANG_CXX_LIBRARY = "libc++";
				CLANG_ENABLE_MODULES = YES;
				CLANG_ENABLE_OBJC_ARC = YES;
				CLANG_ENABLE_OBJC_WEAK = YES;
				CLANG_WARN_BLOCK_CAPTURE_AUTORELEASING = YES;
				CLANG_WARN_BOOL_CONVERSION = YES;
				CLANG_WARN_COMMA = YES;
				CLANG_WARN_CONSTANT_CONVERSION = YES;
				CLANG_WARN_DEPRECATED_OBJC_IMPLEMENTATIONS = YES;
				CLANG_WARN_DIRECT_OBJC_ISA_USAGE = YES_ERROR;
				CLANG_WARN_DOCUMENTATION_COMMENTS = YES;
				CLANG_WARN_EMPTY_BODY = YES;
				CLANG_WARN_ENUM_CONVERSION = YES;
				CLANG_WARN_INFINITE_RECURSION = YES;
				CLANG_WARN_INT_CONVERSION = YES;
				CLANG_WARN_NON_LITERAL_NULL_CONVERSION = YES;
				CLANG_WARN_OBJC_IMPLICIT_RETAIN_SELF = YES;
				CLANG_WARN_OBJC_LITERAL_CONVERSION = YES;
				CLANG_WARN_OBJC_ROOT_CLASS = YES_ERROR;
				CLANG_WARN_RANGE_LOOP_ANALYSIS = YES;
				CLANG_WARN_STRICT_PROTOTYPES = YES;
				CLANG_WARN_SUSPICIOUS_MOVE = YES;
				CLANG_WARN_UNGUARDED_AVAILABILITY = YES_AGGRESSIVE;
				CLANG_WARN_UNREACHABLE_CODE = YES;
				CLANG_WARN__DUPLICATE_METHOD_MATCH = YES;
				CODE_SIGN_IDENTITY = "iPhone Developer";
				COPY_PHASE_STRIP = NO;
				DEBUG_INFORMATION_FORMAT = dwarf;
				ENABLE_STRICT_OBJC_MSGSEND = YES;
				ENABLE_TESTABILITY = YES;
				GCC_C_LANGUAGE_STANDARD = gnu11;
				GCC_DYNAMIC_NO_PIC = NO;
				GCC_NO_COMMON_BLOCKS = YES;
				GCC_OPTIMIZATION_LEVEL = 0;
				GCC_PREPROCESSOR_DEFINITIONS = (
					"DEBUG=1",
					"$(inherited)",
				);
				GCC_WARN_64_TO_32_BIT_CONVERSION = YES;
				GCC_WARN_ABOUT_RETURN_TYPE = YES_ERROR;
				GCC_WARN_UNDECLARED_SELECTOR = YES;
				GCC_WARN_UNINITIALIZED_AUTOS = YES_AGGRESSIVE;
				GCC_WARN_UNUSED_FUNCTION = YES;
				GCC_WARN_UNUSED_VARIABLE = YES;
				IPHONEOS_DEPLOYMENT_TARGET = 11.3;
				MTL_ENABLE_DEBUG_INFO = YES;
				ONLY_ACTIVE_ARCH = YES;
				SDKROOT = iphoneos;
				SWIFT_ACTIVE_COMPILATION_CONDITIONS = DEBUG;
				SWIFT_OPTIMIZATION_LEVEL = "-Onone";
			};
			name = Debug;
		};
		13114661207F8A0700D956D8 /* Release */ = {
			isa = XCBuildConfiguration;
			buildSettings = {
				ALWAYS_SEARCH_USER_PATHS = NO;
				CLANG_ANALYZER_NONNULL = YES;
				CLANG_ANALYZER_NUMBER_OBJECT_CONVERSION = YES_AGGRESSIVE;
				CLANG_CXX_LANGUAGE_STANDARD = "gnu++14";
				CLANG_CXX_LIBRARY = "libc++";
				CLANG_ENABLE_MODULES = YES;
				CLANG_ENABLE_OBJC_ARC = YES;
				CLANG_ENABLE_OBJC_WEAK = YES;
				CLANG_WARN_BLOCK_CAPTURE_AUTORELEASING = YES;
				CLANG_WARN_BOOL_CONVERSION = YES;
				CLANG_WARN_COMMA = YES;
				CLANG_WARN_CONSTANT_CONVERSION = YES;
				CLANG_WARN_DEPRECATED_OBJC_IMPLEMENTATIONS = YES;
				CLANG_WARN_DIRECT_OBJC_ISA_USAGE = YES_ERROR;
				CLANG_WARN_DOCUMENTATION_COMMENTS = YES;
				CLANG_WARN_EMPTY_BODY = YES;
				CLANG_WARN_ENUM_CONVERSION = YES;
				CLANG_WARN_INFINITE_RECURSION = YES;
				CLANG_WARN_INT_CONVERSION = YES;
				CLANG_WARN_NON_LITERAL_NULL_CONVERSION = YES;
				CLANG_WARN_OBJC_IMPLICIT_RETAIN_SELF = YES;
				CLANG_WARN_OBJC_LITERAL_CONVERSION = YES;
				CLANG_WARN_OBJC_ROOT_CLASS = YES_ERROR;
				CLANG_WARN_RANGE_LOOP_ANALYSIS = YES;
				CLANG_WARN_STRICT_PROTOTYPES = YES;
				CLANG_WARN_SUSPICIOUS_MOVE = YES;
				CLANG_WARN_UNGUARDED_AVAILABILITY = YES_AGGRESSIVE;
				CLANG_WARN_UNREACHABLE_CODE = YES;
				CLANG_WARN__DUPLICATE_METHOD_MATCH = YES;
				CODE_SIGN_IDENTITY = "iPhone Developer";
				COPY_PHASE_STRIP = NO;
				DEBUG_INFORMATION_FORMAT = "dwarf-with-dsym";
				ENABLE_NS_ASSERTIONS = NO;
				ENABLE_STRICT_OBJC_MSGSEND = YES;
				GCC_C_LANGUAGE_STANDARD = gnu11;
				GCC_NO_COMMON_BLOCKS = YES;
				GCC_WARN_64_TO_32_BIT_CONVERSION = YES;
				GCC_WARN_ABOUT_RETURN_TYPE = YES_ERROR;
				GCC_WARN_UNDECLARED_SELECTOR = YES;
				GCC_WARN_UNINITIALIZED_AUTOS = YES_AGGRESSIVE;
				GCC_WARN_UNUSED_FUNCTION = YES;
				GCC_WARN_UNUSED_VARIABLE = YES;
				IPHONEOS_DEPLOYMENT_TARGET = 11.3;
				MTL_ENABLE_DEBUG_INFO = NO;
				SDKROOT = iphoneos;
				SWIFT_COMPILATION_MODE = wholemodule;
				SWIFT_OPTIMIZATION_LEVEL = "-O";
				VALIDATE_PRODUCT = YES;
			};
			name = Release;
		};
		13114663207F8A0700D956D8 /* Debug */ = {
			isa = XCBuildConfiguration;
			buildSettings = {
				ASSETCATALOG_COMPILER_APPICON_NAME = AppIcon;
				CODE_SIGN_STYLE = Automatic;
				DEVELOPMENT_TEAM = WG88Z7A99A;
				FRAMEWORK_SEARCH_PATHS = (
					"$(inherited)",
					"$(PROJECT_DIR)/Carthage/Build/iOS",
				);
				INFOPLIST_FILE = "otaku-wallet-ios/Info.plist";
				LD_RUNPATH_SEARCH_PATHS = (
					"$(inherited)",
					"@executable_path/Frameworks",
				);
				PRODUCT_BUNDLE_IDENTIFIER = "com.ineeza.otaku-wallet-ios";
				PRODUCT_NAME = "$(TARGET_NAME)";
				SWIFT_VERSION = 4.0;
				TARGETED_DEVICE_FAMILY = "1,2";
			};
			name = Debug;
		};
		13114664207F8A0700D956D8 /* Release */ = {
			isa = XCBuildConfiguration;
			buildSettings = {
				ASSETCATALOG_COMPILER_APPICON_NAME = AppIcon;
				CODE_SIGN_STYLE = Automatic;
				DEVELOPMENT_TEAM = WG88Z7A99A;
				FRAMEWORK_SEARCH_PATHS = (
					"$(inherited)",
					"$(PROJECT_DIR)/Carthage/Build/iOS",
				);
				INFOPLIST_FILE = "otaku-wallet-ios/Info.plist";
				LD_RUNPATH_SEARCH_PATHS = (
					"$(inherited)",
					"@executable_path/Frameworks",
				);
				PRODUCT_BUNDLE_IDENTIFIER = "com.ineeza.otaku-wallet-ios";
				PRODUCT_NAME = "$(TARGET_NAME)";
				SWIFT_VERSION = 4.0;
				TARGETED_DEVICE_FAMILY = "1,2";
			};
			name = Release;
		};
		13114666207F8A0700D956D8 /* Debug */ = {
			isa = XCBuildConfiguration;
			buildSettings = {
				ALWAYS_EMBED_SWIFT_STANDARD_LIBRARIES = YES;
				BUNDLE_LOADER = "$(TEST_HOST)";
				CODE_SIGN_STYLE = Automatic;
				DEVELOPMENT_TEAM = WG88Z7A99A;
				INFOPLIST_FILE = "otaku-wallet-iosTests/Info.plist";
				LD_RUNPATH_SEARCH_PATHS = (
					"$(inherited)",
					"@executable_path/Frameworks",
					"@loader_path/Frameworks",
				);
				PRODUCT_BUNDLE_IDENTIFIER = "com.ineeza.otaku-wallet-iosTests";
				PRODUCT_NAME = "$(TARGET_NAME)";
				SWIFT_VERSION = 4.0;
				TARGETED_DEVICE_FAMILY = "1,2";
				TEST_HOST = "$(BUILT_PRODUCTS_DIR)/otaku-wallet-ios.app/otaku-wallet-ios";
			};
			name = Debug;
		};
		13114667207F8A0700D956D8 /* Release */ = {
			isa = XCBuildConfiguration;
			buildSettings = {
				ALWAYS_EMBED_SWIFT_STANDARD_LIBRARIES = YES;
				BUNDLE_LOADER = "$(TEST_HOST)";
				CODE_SIGN_STYLE = Automatic;
				DEVELOPMENT_TEAM = WG88Z7A99A;
				INFOPLIST_FILE = "otaku-wallet-iosTests/Info.plist";
				LD_RUNPATH_SEARCH_PATHS = (
					"$(inherited)",
					"@executable_path/Frameworks",
					"@loader_path/Frameworks",
				);
				PRODUCT_BUNDLE_IDENTIFIER = "com.ineeza.otaku-wallet-iosTests";
				PRODUCT_NAME = "$(TARGET_NAME)";
				SWIFT_VERSION = 4.0;
				TARGETED_DEVICE_FAMILY = "1,2";
				TEST_HOST = "$(BUILT_PRODUCTS_DIR)/otaku-wallet-ios.app/otaku-wallet-ios";
			};
			name = Release;
		};
		13114669207F8A0700D956D8 /* Debug */ = {
			isa = XCBuildConfiguration;
			buildSettings = {
				ALWAYS_EMBED_SWIFT_STANDARD_LIBRARIES = YES;
				CODE_SIGN_STYLE = Automatic;
				DEVELOPMENT_TEAM = WG88Z7A99A;
				INFOPLIST_FILE = "otaku-wallet-iosUITests/Info.plist";
				LD_RUNPATH_SEARCH_PATHS = (
					"$(inherited)",
					"@executable_path/Frameworks",
					"@loader_path/Frameworks",
				);
				PRODUCT_BUNDLE_IDENTIFIER = "com.ineeza.otaku-wallet-iosUITests";
				PRODUCT_NAME = "$(TARGET_NAME)";
				SWIFT_VERSION = 4.0;
				TARGETED_DEVICE_FAMILY = "1,2";
				TEST_TARGET_NAME = "otaku-wallet-ios";
			};
			name = Debug;
		};
		1311466A207F8A0700D956D8 /* Release */ = {
			isa = XCBuildConfiguration;
			buildSettings = {
				ALWAYS_EMBED_SWIFT_STANDARD_LIBRARIES = YES;
				CODE_SIGN_STYLE = Automatic;
				DEVELOPMENT_TEAM = WG88Z7A99A;
				INFOPLIST_FILE = "otaku-wallet-iosUITests/Info.plist";
				LD_RUNPATH_SEARCH_PATHS = (
					"$(inherited)",
					"@executable_path/Frameworks",
					"@loader_path/Frameworks",
				);
				PRODUCT_BUNDLE_IDENTIFIER = "com.ineeza.otaku-wallet-iosUITests";
				PRODUCT_NAME = "$(TARGET_NAME)";
				SWIFT_VERSION = 4.0;
				TARGETED_DEVICE_FAMILY = "1,2";
				TEST_TARGET_NAME = "otaku-wallet-ios";
			};
			name = Release;
		};
/* End XCBuildConfiguration section */

/* Begin XCConfigurationList section */
		13114635207F8A0600D956D8 /* Build configuration list for PBXProject "otaku-wallet-ios" */ = {
			isa = XCConfigurationList;
			buildConfigurations = (
				13114660207F8A0700D956D8 /* Debug */,
				13114661207F8A0700D956D8 /* Release */,
			);
			defaultConfigurationIsVisible = 0;
			defaultConfigurationName = Release;
		};
		13114662207F8A0700D956D8 /* Build configuration list for PBXNativeTarget "otaku-wallet-ios" */ = {
			isa = XCConfigurationList;
			buildConfigurations = (
				13114663207F8A0700D956D8 /* Debug */,
				13114664207F8A0700D956D8 /* Release */,
			);
			defaultConfigurationIsVisible = 0;
			defaultConfigurationName = Release;
		};
		13114665207F8A0700D956D8 /* Build configuration list for PBXNativeTarget "otaku-wallet-iosTests" */ = {
			isa = XCConfigurationList;
			buildConfigurations = (
				13114666207F8A0700D956D8 /* Debug */,
				13114667207F8A0700D956D8 /* Release */,
			);
			defaultConfigurationIsVisible = 0;
			defaultConfigurationName = Release;
		};
		13114668207F8A0700D956D8 /* Build configuration list for PBXNativeTarget "otaku-wallet-iosUITests" */ = {
			isa = XCConfigurationList;
			buildConfigurations = (
				13114669207F8A0700D956D8 /* Debug */,
				1311466A207F8A0700D956D8 /* Release */,
			);
			defaultConfigurationIsVisible = 0;
			defaultConfigurationName = Release;
		};
/* End XCConfigurationList section */
	};
	rootObject = 13114632207F8A0600D956D8 /* Project object */;
}
